{
  "name": "searchLab",
  "lockfileVersion": 3,
  "requires": true,
  "packages": {
    "": {
      "dependencies": {
        "@dimforge/rapier3d": "^0.19.3",
        "lodash": "^4.18.1",
        "three": "^0.185.1"
      }
    },
    "node_modules/@dimforge/rapier3d": {
      "version": "0.19.3",
      "resolved": "https://registry.npmjs.org/@dimforge/rapier3d/-/rapier3d-0.19.3.tgz",
      "integrity": "sha512-tkD1tvHTDML0W9s9rUYAsx0btO9LbVTnMBKJWVgOsas5haGFbYY+pzr5hbwYysv/IJmgmMrIFoVWIcsaCUE9ow==",
      "license": "Apache-2.0"
    },
    "node_modules/lodash": {
      "version": "4.18.1",
      "resolved": "https://registry.npmjs.org/lodash/-/lodash-4.18.1.tgz",
      "integrity": "sha512-dMInicTPVE8d1e5otfwmmjlxkZoUpiVLwyeTdUsi/Caj/gfzzblBcCE5sRHV/AsjuCmxWrte2TNGSYuCeCq+0Q==",
      "license": "MIT"
    },
    "node_modules/three": {
      "version": "0.185.1",
      "resolved": "https://registry.npmjs.org/three/-/three-0.185.1.tgz",
      "integrity": "sha512-5aojFCXKwnjBRZvUnt3WFfEcvUJgkN5LlijRFN95hMy8WVkG4I0QNcJE+OuWvuJ0bOdStrbfXn0pkd6/QyiAlg==",
      "license": "MIT"
    }
  }
}
